
Microsoft Visual Studio Solution File, Format Version 10.00
# Visual Studio 2008
Project("{FAE04EC0-301F-11D3-BF4B-00C04F79EFBC}") = "DataAccess", "DataAccess\DataAccess.csproj", "{AE5B0BFD-9DEB-4F14-9CFF-40F77647FDCC}"
EndProject
Project("{FAE04EC0-301F-11D3-BF4B-00C04F79EFBC}") = "Web", "Web\Web.csproj", "{17E35DD3-6AE9-477D-870C-4FF8368A89AD}"
EndProject
Global
	GlobalSection(SolutionConfigurationPlatforms) = preSolution
		Debug|Any CPU = Debug|Any CPU
		Release|Any CPU = Release|Any CPU
	EndGlobalSection
	GlobalSection(ProjectConfigurationPlatforms) = postSolution
		{AE5B0BFD-9DEB-4F14-9CFF-40F77647FDCC}.Debug|Any CPU.ActiveCfg = Debug|Any CPU
		{AE5B0BFD-9DEB-4F14-9CFF-40F77647FDCC}.Debug|Any CPU.Build.0 = Debug|Any CPU
		{AE5B0BFD-9DEB-4F14-9CFF-40F77647FDCC}.Release|Any CPU.ActiveCfg = Release|Any CPU
		{AE5B0BFD-9DEB-4F14-9CFF-40F77647FDCC}.Release|Any CPU.Build.0 = Release|Any CPU
		{17E35DD3-6AE9-477D-870C-4FF8368A89AD}.Debug|Any CPU.ActiveCfg = Debug|Any CPU
		{17E35DD3-6AE9-477D-870C-4FF8368A89AD}.Debug|Any CPU.Build.0 = Debug|Any CPU
		{17E35DD3-6AE9-477D-870C-4FF8368A89AD}.Release|Any CPU.ActiveCfg = Release|Any CPU
		{17E35DD3-6AE9-477D-870C-4FF8368A89AD}.Release|Any CPU.Build.0 = Release|Any CPU
	EndGlobalSection
	GlobalSection(SolutionProperties) = preSolution
		HideSolutionNode = FALSE
	EndGlobalSection
EndGlobal
